
Microsoft Visual Studio Solution File, Format Version 12.00
# Visual Studio Version 17
VisualStudioVersion = 17.5.33627.172
MinimumVisualStudioVersion = 10.0.40219.1
Project("{FAE04EC0-301F-11D3-BF4B-00C04F79EFBC}") = "Entities", "Entities\Entities.csproj", "{A57F9CB6-58F1-4176-9AA2-7A73FFBD9773}"
EndProject
Project("{FAE04EC0-301F-11D3-BF4B-00C04F79EFBC}") = "Business", "Business\Business.csproj", "{C064936C-35BD-4A71-908C-5F973CBFC576}"
EndProject
Project("{FAE04EC0-301F-11D3-BF4B-00C04F79EFBC}") = "DataAccess", "DataAccess\DataAccess.csproj", "{EB29F5E8-C72E-4264-A810-182E45AC1B3C}"
EndProject
Project("{FAE04EC0-301F-11D3-BF4B-00C04F79EFBC}") = "ConsoleUI", "ConsoleUI\ConsoleUI.csproj", "{7FE0BB57-5828-4239-82EF-DFCDF398F8CF}"
EndProject
Global
	GlobalSection(SolutionConfigurationPlatforms) = preSolution
		Debug|Any CPU = Debug|Any CPU
		Release|Any CPU = Release|Any CPU
	EndGlobalSection
	GlobalSection(ProjectConfigurationPlatforms) = postSolution
		{A57F9CB6-58F1-4176-9AA2-7A73FFBD9773}.Debug|Any CPU.ActiveCfg = Debug|Any CPU
		{A57F9CB6-58F1-4176-9AA2-7A73FFBD9773}.Debug|Any CPU.Build.0 = Debug|Any CPU
		{A57F9CB6-58F1-4176-9AA2-7A73FFBD9773}.Release|Any CPU.ActiveCfg = Release|Any CPU
		{A57F9CB6-58F1-4176-9AA2-7A73FFBD9773}.Release|Any CPU.Build.0 = Release|Any CPU
		{C064936C-35BD-4A71-908C-5F973CBFC576}.Debug|Any CPU.ActiveCfg = Debug|Any CPU
		{C064936C-35BD-4A71-908C-5F973CBFC576}.Debug|Any CPU.Build.0 = Debug|Any CPU
		{C064936C-35BD-4A71-908C-5F973CBFC576}.Release|Any CPU.ActiveCfg = Release|Any CPU
		{C064936C-35BD-4A71-908C-5F973CBFC576}.Release|Any CPU.Build.0 = Release|Any CPU
		{EB29F5E8-C72E-4264-A810-182E45AC1B3C}.Debug|Any CPU.ActiveCfg = Debug|Any CPU
		{EB29F5E8-C72E-4264-A810-182E45AC1B3C}.Debug|Any CPU.Build.0 = Debug|Any CPU
		{EB29F5E8-C72E-4264-A810-182E45AC1B3C}.Release|Any CPU.ActiveCfg = Release|Any CPU
		{EB29F5E8-C72E-4264-A810-182E45AC1B3C}.Release|Any CPU.Build.0 = Release|Any CPU
		{7FE0BB57-5828-4239-82EF-DFCDF398F8CF}.Debug|Any CPU.ActiveCfg = Debug|Any CPU
		{7FE0BB57-5828-4239-82EF-DFCDF398F8CF}.Debug|Any CPU.Build.0 = Debug|Any CPU
		{7FE0BB57-5828-4239-82EF-DFCDF398F8CF}.Release|Any CPU.ActiveCfg = Release|Any CPU
		{7FE0BB57-5828-4239-82EF-DFCDF398F8CF}.Release|Any CPU.Build.0 = Release|Any CPU
	EndGlobalSection
	GlobalSection(SolutionProperties) = preSolution
		HideSolutionNode = FALSE
	EndGlobalSection
	GlobalSection(ExtensibilityGlobals) = postSolution
		SolutionGuid = {6D576088-A3B7-4A94-853F-9474FC0555EB}
	EndGlobalSection
EndGlobal
